
Microsoft Visual Studio Solution File, Format Version 12.00
# Visual Studio Version 16
VisualStudioVersion = 16.0.34601.136
MinimumVisualStudioVersion = 10.0.40219.1
Project("{FAE04EC0-301F-11D3-BF4B-00C04F79EFBC}") = "Lab4_Chris", "Lab4_Chris.csproj", "{84ED18FE-BC3E-4EA3-B678-495907C46E7F}"
EndProject
Global
	GlobalSection(SolutionConfigurationPlatforms) = preSolution
		Debug|Any CPU = Debug|Any CPU
		Release|Any CPU = Release|Any CPU
	EndGlobalSection
	GlobalSection(ProjectConfigurationPlatforms) = postSolution
		{84ED18FE-BC3E-4EA3-B678-495907C46E7F}.Debug|Any CPU.ActiveCfg = Debug|Any CPU
		{84ED18FE-BC3E-4EA3-B678-495907C46E7F}.Debug|Any CPU.Build.0 = Debug|Any CPU
		{84ED18FE-BC3E-4EA3-B678-495907C46E7F}.Release|Any CPU.ActiveCfg = Release|Any CPU
		{84ED18FE-BC3E-4EA3-B678-495907C46E7F}.Release|Any CPU.Build.0 = Release|Any CPU
	EndGlobalSection
	GlobalSection(SolutionProperties) = preSolution
		HideSolutionNode = FALSE
	EndGlobalSection
	GlobalSection(ExtensibilityGlobals) = postSolution
		SolutionGuid = {D0FABC56-FB83-4C3D-9927-7BF3896471C5}
	EndGlobalSection
EndGlobal
