
Microsoft Visual Studio Solution File, Format Version 12.00
# Visual Studio Version 16
VisualStudioVersion = 16.0.33801.447
MinimumVisualStudioVersion = 10.0.40219.1
Project("{FAE04EC0-301F-11D3-BF4B-00C04F79EFBC}") = "Lab1_Chris", "Lab1_Chris.csproj", "{3D9A3D37-4729-4AC8-84F2-B9303727C17A}"
EndProject
Global
	GlobalSection(SolutionConfigurationPlatforms) = preSolution
		Debug|Any CPU = Debug|Any CPU
		Release|Any CPU = Release|Any CPU
	EndGlobalSection
	GlobalSection(ProjectConfigurationPlatforms) = postSolution
		{3D9A3D37-4729-4AC8-84F2-B9303727C17A}.Debug|Any CPU.ActiveCfg = Debug|Any CPU
		{3D9A3D37-4729-4AC8-84F2-B9303727C17A}.Debug|Any CPU.Build.0 = Debug|Any CPU
		{3D9A3D37-4729-4AC8-84F2-B9303727C17A}.Release|Any CPU.ActiveCfg = Release|Any CPU
		{3D9A3D37-4729-4AC8-84F2-B9303727C17A}.Release|Any CPU.Build.0 = Release|Any CPU
	EndGlobalSection
	GlobalSection(SolutionProperties) = preSolution
		HideSolutionNode = FALSE
	EndGlobalSection
	GlobalSection(ExtensibilityGlobals) = postSolution
		SolutionGuid = {304B565B-9908-428C-93F7-9F519F22DEF9}
	EndGlobalSection
EndGlobal
